
Microsoft Visual Studio Solution File, Format Version 12.00
# Visual Studio Version 17
VisualStudioVersion = 17.4.33213.308
MinimumVisualStudioVersion = 10.0.40219.1
Project("{8BC9CEB8-8B4A-11D0-8D11-00A0C91BC942}") = "Day5", "Day5\Day5.vcxproj", "{3D2DE174-7133-4D92-801A-87A1137C05BA}"
EndProject
Global
	GlobalSection(SolutionConfigurationPlatforms) = preSolution
		Debug|x64 = Debug|x64
		Debug|x86 = Debug|x86
		Release|x64 = Release|x64
		Release|x86 = Release|x86
	EndGlobalSection
	GlobalSection(ProjectConfigurationPlatforms) = postSolution
		{3D2DE174-7133-4D92-801A-87A1137C05BA}.Debug|x64.ActiveCfg = Debug|x64
		{3D2DE174-7133-4D92-801A-87A1137C05BA}.Debug|x64.Build.0 = Debug|x64
		{3D2DE174-7133-4D92-801A-87A1137C05BA}.Debug|x86.ActiveCfg = Debug|Win32
		{3D2DE174-7133-4D92-801A-87A1137C05BA}.Debug|x86.Build.0 = Debug|Win32
		{3D2DE174-7133-4D92-801A-87A1137C05BA}.Release|x64.ActiveCfg = Release|x64
		{3D2DE174-7133-4D92-801A-87A1137C05BA}.Release|x64.Build.0 = Release|x64
		{3D2DE174-7133-4D92-801A-87A1137C05BA}.Release|x86.ActiveCfg = Release|Win32
		{3D2DE174-7133-4D92-801A-87A1137C05BA}.Release|x86.Build.0 = Release|Win32
	EndGlobalSection
	GlobalSection(SolutionProperties) = preSolution
		HideSolutionNode = FALSE
	EndGlobalSection
	GlobalSection(ExtensibilityGlobals) = postSolution
		SolutionGuid = {5C55B977-9806-44D1-B2B2-AD02689DD9ED}
	EndGlobalSection
EndGlobal
